
Microsoft Visual Studio Solution File, Format Version 12.00
# Visual Studio Version 16
VisualStudioVersion = 16.0.30011.22
MinimumVisualStudioVersion = 10.0.40219.1
Project("{FAE04EC0-301F-11D3-BF4B-00C04F79EFBC}") = "RestaurantRater", "RestaurantRater\RestaurantRater.csproj", "{884DB89A-08D4-4A52-9EE4-8A9C3A8B7EAC}"
EndProject
Global
	GlobalSection(SolutionConfigurationPlatforms) = preSolution
		Debug|Any CPU = Debug|Any CPU
		Release|Any CPU = Release|Any CPU
	EndGlobalSection
	GlobalSection(ProjectConfigurationPlatforms) = postSolution
		{884DB89A-08D4-4A52-9EE4-8A9C3A8B7EAC}.Debug|Any CPU.ActiveCfg = Debug|Any CPU
		{884DB89A-08D4-4A52-9EE4-8A9C3A8B7EAC}.Debug|Any CPU.Build.0 = Debug|Any CPU
		{884DB89A-08D4-4A52-9EE4-8A9C3A8B7EAC}.Release|Any CPU.ActiveCfg = Release|Any CPU
		{884DB89A-08D4-4A52-9EE4-8A9C3A8B7EAC}.Release|Any CPU.Build.0 = Release|Any CPU
	EndGlobalSection
	GlobalSection(SolutionProperties) = preSolution
		HideSolutionNode = FALSE
	EndGlobalSection
	GlobalSection(ExtensibilityGlobals) = postSolution
		SolutionGuid = {AA74F8A5-323A-4071-99FA-499A29DDCD54}
	EndGlobalSection
EndGlobal
